// !$*UTF8*$!
{
	archiveVersion = 1;
	classes = {
	};
	objectVersion = 54;
	objects = {

/* Begin PBXBuildFile section */
		7D8F4853BCC36154AB0BA1B1 /* Pods_TVSeries.framework in Frameworks */ = {isa = PBXBuildFile; fileRef = 4E75B0625D467BF277C96383 /* Pods_TVSeries.framework */; };
		C81C5CE427755B38007CABF1 /* RoundButton.swift in Sources */ = {isa = PBXBuildFile; fileRef = C81C5CE327755B38007CABF1 /* RoundButton.swift */; };
		C83EFBE22773D522007E9377 /* IndicatorCell.swift in Sources */ = {isa = PBXBuildFile; fileRef = C83EFBE12773D522007E9377 /* IndicatorCell.swift */; };
		C83EFBE62773FC1B007E9377 /* TVSeriesDetailViewController.swift in Sources */ = {isa = PBXBuildFile; fileRef = C83EFBE32773FC1B007E9377 /* TVSeriesDetailViewController.swift */; };
		C83EFBE72773FC1B007E9377 /* TVSeriesDetailViewController.xib in Resources */ = {isa = PBXBuildFile; fileRef = C83EFBE42773FC1B007E9377 /* TVSeriesDetailViewController.xib */; };
		C83EFBE82773FC1B007E9377 /* TVSeriesDetailViewModel.swift in Sources */ = {isa = PBXBuildFile; fileRef = C83EFBE52773FC1B007E9377 /* TVSeriesDetailViewModel.swift */; };
		C83EFBEB27740B45007E9377 /* String.swift in Sources */ = {isa = PBXBuildFile; fileRef = C83EFBEA27740B45007E9377 /* String.swift */; };
		C83EFBED27740FCC007E9377 /* IntrisicCollections.swift in Sources */ = {isa = PBXBuildFile; fileRef = C83EFBEC27740FCC007E9377 /* IntrisicCollections.swift */; };
		C83EFBF127741676007E9377 /* EpisodeDetailViewController.swift in Sources */ = {isa = PBXBuildFile; fileRef = C83EFBEE27741676007E9377 /* EpisodeDetailViewController.swift */; };
		C83EFBF227741676007E9377 /* EpisodeDetailViewController.xib in Resources */ = {isa = PBXBuildFile; fileRef = C83EFBEF27741676007E9377 /* EpisodeDetailViewController.xib */; };
		C83EFBF327741676007E9377 /* EpisodeDetailViewModel.swift in Sources */ = {isa = PBXBuildFile; fileRef = C83EFBF027741676007E9377 /* EpisodeDetailViewModel.swift */; };
		C89082792772C3450054D2EC /* TVSeriesViewController.swift in Sources */ = {isa = PBXBuildFile; fileRef = C89082772772C3450054D2EC /* TVSeriesViewController.swift */; };
		C890827A2772C3450054D2EC /* TVSeriesViewModel.swift in Sources */ = {isa = PBXBuildFile; fileRef = C89082782772C3450054D2EC /* TVSeriesViewModel.swift */; };
		C890827D2772C3550054D2EC /* TVSeries.swift in Sources */ = {isa = PBXBuildFile; fileRef = C890827C2772C3550054D2EC /* TVSeries.swift */; };
		C890827F2772C3E80054D2EC /* ShadowView.swift in Sources */ = {isa = PBXBuildFile; fileRef = C890827E2772C3E80054D2EC /* ShadowView.swift */; };
		C89082832772C4160054D2EC /* UIViewController.swift in Sources */ = {isa = PBXBuildFile; fileRef = C89082802772C4160054D2EC /* UIViewController.swift */; };
		C89082842772C4160054D2EC /* Collections + ReusableView.swift in Sources */ = {isa = PBXBuildFile; fileRef = C89082812772C4160054D2EC /* Collections + ReusableView.swift */; };
		C89082852772C4160054D2EC /* UIView.swift in Sources */ = {isa = PBXBuildFile; fileRef = C89082822772C4160054D2EC /* UIView.swift */; };
		C89082892772C4810054D2EC /* UIColor.swift in Sources */ = {isa = PBXBuildFile; fileRef = C89082882772C4810054D2EC /* UIColor.swift */; };
		C890828B2772C61A0054D2EC /* APIService.swift in Sources */ = {isa = PBXBuildFile; fileRef = C890828A2772C61A0054D2EC /* APIService.swift */; };
		C890828E2772D2900054D2EC /* TVSeriesCollectionViewCell.swift in Sources */ = {isa = PBXBuildFile; fileRef = C890828C2772D2900054D2EC /* TVSeriesCollectionViewCell.swift */; };
		C890828F2772D2900054D2EC /* TVSeriesCollectionViewCell.xib in Resources */ = {isa = PBXBuildFile; fileRef = C890828D2772D2900054D2EC /* TVSeriesCollectionViewCell.xib */; };
		C89082912772D48C0054D2EC /* ImageManager.swift in Sources */ = {isa = PBXBuildFile; fileRef = C89082902772D48C0054D2EC /* ImageManager.swift */; };
		C8D1D7812774C3880015A67D /* Schedule.swift in Sources */ = {isa = PBXBuildFile; fileRef = C8D1D7802774C3880015A67D /* Schedule.swift */; };
		C8D1D7832774C39B0015A67D /* ImageSize.swift in Sources */ = {isa = PBXBuildFile; fileRef = C8D1D7822774C39B0015A67D /* ImageSize.swift */; };
		C8D1D7852774C3AC0015A67D /* TVSeriesSearch.swift in Sources */ = {isa = PBXBuildFile; fileRef = C8D1D7842774C3AC0015A67D /* TVSeriesSearch.swift */; };
		C8D1D7872774C3B90015A67D /* Episode.swift in Sources */ = {isa = PBXBuildFile; fileRef = C8D1D7862774C3B90015A67D /* Episode.swift */; };
		C8F1297C27729F4000AAF65B /* AppDelegate.swift in Sources */ = {isa = PBXBuildFile; fileRef = C8F1297B27729F4000AAF65B /* AppDelegate.swift */; };
		C8F1298527729F4100AAF65B /* Assets.xcassets in Resources */ = {isa = PBXBuildFile; fileRef = C8F1298427729F4100AAF65B /* Assets.xcassets */; };
		C8F1298827729F4100AAF65B /* LaunchScreen.storyboard in Resources */ = {isa = PBXBuildFile; fileRef = C8F1298627729F4100AAF65B /* LaunchScreen.storyboard */; };
		C8FB67772775363000B52159 /* Season.swift in Sources */ = {isa = PBXBuildFile; fileRef = C8FB67762775363000B52159 /* Season.swift */; };
		C8FB677927754BF400B52159 /* InitialCoordinator.swift in Sources */ = {isa = PBXBuildFile; fileRef = C8FB677827754BF400B52159 /* InitialCoordinator.swift */; };
		C8FB677B27754F8D00B52159 /* SplashScreenViewController.swift in Sources */ = {isa = PBXBuildFile; fileRef = C8FB677A27754F8D00B52159 /* SplashScreenViewController.swift */; };
/* End PBXBuildFile section */

/* Begin PBXFileReference section */
		0AD42E8C1D24083B9A4F29EB /* Pods-TVSeries.debug.xcconfig */ = {isa = PBXFileReference; includeInIndex = 1; lastKnownFileType = text.xcconfig; name = "Pods-TVSeries.debug.xcconfig"; path = "Target Support Files/Pods-TVSeries/Pods-TVSeries.debug.xcconfig"; sourceTree = "<group>"; };
		4E75B0625D467BF277C96383 /* Pods_TVSeries.framework */ = {isa = PBXFileReference; explicitFileType = wrapper.framework; includeInIndex = 0; path = Pods_TVSeries.framework; sourceTree = BUILT_PRODUCTS_DIR; };
		649CF8293F3230B30C0CC03D /* Pods-TVSeries.release.xcconfig */ = {isa = PBXFileReference; includeInIndex = 1; lastKnownFileType = text.xcconfig; name = "Pods-TVSeries.release.xcconfig"; path = "Target Support Files/Pods-TVSeries/Pods-TVSeries.release.xcconfig"; sourceTree = "<group>"; };
		C81C5CE327755B38007CABF1 /* RoundButton.swift */ = {isa = PBXFileReference; fileEncoding = 4; lastKnownFileType = sourcecode.swift; path = RoundButton.swift; sourceTree = "<group>"; };
		C83EFBE12773D522007E9377 /* IndicatorCell.swift */ = {isa = PBXFileReference; lastKnownFileType = sourcecode.swift; path = IndicatorCell.swift; sourceTree = "<group>"; };
		C83EFBE32773FC1B007E9377 /* TVSeriesDetailViewController.swift */ = {isa = PBXFileReference; lastKnownFileType = sourcecode.swift; path = TVSeriesDetailViewController.swift; sourceTree = "<group>"; };
		C83EFBE42773FC1B007E9377 /* TVSeriesDetailViewController.xib */ = {isa = PBXFileReference; lastKnownFileType = file.xib; path = TVSeriesDetailViewController.xib; sourceTree = "<group>"; };
		C83EFBE52773FC1B007E9377 /* TVSeriesDetailViewModel.swift */ = {isa = PBXFileReference; lastKnownFileType = sourcecode.swift; path = TVSeriesDetailViewModel.swift; sourceTree = "<group>"; };
		C83EFBEA27740B45007E9377 /* String.swift */ = {isa = PBXFileReference; lastKnownFileType = sourcecode.swift; path = String.swift; sourceTree = "<group>"; };
		C83EFBEC27740FCC007E9377 /* IntrisicCollections.swift */ = {isa = PBXFileReference; fileEncoding = 4; lastKnownFileType = sourcecode.swift; path = IntrisicCollections.swift; sourceTree = "<group>"; };
		C83EFBEE27741676007E9377 /* EpisodeDetailViewController.swift */ = {isa = PBXFileReference; lastKnownFileType = sourcecode.swift; path = EpisodeDetailViewController.swift; sourceTree = "<group>"; };
		C83EFBEF27741676007E9377 /* EpisodeDetailViewController.xib */ = {isa = PBXFileReference; lastKnownFileType = file.xib; path = EpisodeDetailViewController.xib; sourceTree = "<group>"; };
		C83EFBF027741676007E9377 /* EpisodeDetailViewModel.swift */ = {isa = PBXFileReference; lastKnownFileType = sourcecode.swift; path = EpisodeDetailViewModel.swift; sourceTree = "<group>"; };
		C89082772772C3450054D2EC /* TVSeriesViewController.swift */ = {isa = PBXFileReference; lastKnownFileType = sourcecode.swift; path = TVSeriesViewController.swift; sourceTree = "<group>"; };
		C89082782772C3450054D2EC /* TVSeriesViewModel.swift */ = {isa = PBXFileReference; lastKnownFileType = sourcecode.swift; path = TVSeriesViewModel.swift; sourceTree = "<group>"; };
		C890827C2772C3550054D2EC /* TVSeries.swift */ = {isa = PBXFileReference; lastKnownFileType = sourcecode.swift; path = TVSeries.swift; sourceTree = "<group>"; };
		C890827E2772C3E80054D2EC /* ShadowView.swift */ = {isa = PBXFileReference; fileEncoding = 4; lastKnownFileType = sourcecode.swift; path = ShadowView.swift; sourceTree = "<group>"; };
		C89082802772C4160054D2EC /* UIViewController.swift */ = {isa = PBXFileReference; fileEncoding = 4; lastKnownFileType = sourcecode.swift; path = UIViewController.swift; sourceTree = "<group>"; };
		C89082812772C4160054D2EC /* Collections + ReusableView.swift */ = {isa = PBXFileReference; fileEncoding = 4; lastKnownFileType = sourcecode.swift; path = "Collections + ReusableView.swift"; sourceTree = "<group>"; };
		C89082822772C4160054D2EC /* UIView.swift */ = {isa = PBXFileReference; fileEncoding = 4; lastKnownFileType = sourcecode.swift; path = UIView.swift; sourceTree = "<group>"; };
		C89082882772C4810054D2EC /* UIColor.swift */ = {isa = PBXFileReference; fileEncoding = 4; lastKnownFileType = sourcecode.swift; path = UIColor.swift; sourceTree = "<group>"; };
		C890828A2772C61A0054D2EC /* APIService.swift */ = {isa = PBXFileReference; lastKnownFileType = sourcecode.swift; path = APIService.swift; sourceTree = "<group>"; };
		C890828C2772D2900054D2EC /* TVSeriesCollectionViewCell.swift */ = {isa = PBXFileReference; lastKnownFileType = sourcecode.swift; path = TVSeriesCollectionViewCell.swift; sourceTree = "<group>"; };
		C890828D2772D2900054D2EC /* TVSeriesCollectionViewCell.xib */ = {isa = PBXFileReference; lastKnownFileType = file.xib; path = TVSeriesCollectionViewCell.xib; sourceTree = "<group>"; };
		C89082902772D48C0054D2EC /* ImageManager.swift */ = {isa = PBXFileReference; lastKnownFileType = sourcecode.swift; path = ImageManager.swift; sourceTree = "<group>"; };
		C8D1D7802774C3880015A67D /* Schedule.swift */ = {isa = PBXFileReference; lastKnownFileType = sourcecode.swift; path = Schedule.swift; sourceTree = "<group>"; };
		C8D1D7822774C39B0015A67D /* ImageSize.swift */ = {isa = PBXFileReference; lastKnownFileType = sourcecode.swift; path = ImageSize.swift; sourceTree = "<group>"; };
		C8D1D7842774C3AC0015A67D /* TVSeriesSearch.swift */ = {isa = PBXFileReference; lastKnownFileType = sourcecode.swift; path = TVSeriesSearch.swift; sourceTree = "<group>"; };
		C8D1D7862774C3B90015A67D /* Episode.swift */ = {isa = PBXFileReference; lastKnownFileType = sourcecode.swift; path = Episode.swift; sourceTree = "<group>"; };
		C8F1297827729F3F00AAF65B /* TVSeries.app */ = {isa = PBXFileReference; explicitFileType = wrapper.application; includeInIndex = 0; path = TVSeries.app; sourceTree = BUILT_PRODUCTS_DIR; };
		C8F1297B27729F4000AAF65B /* AppDelegate.swift */ = {isa = PBXFileReference; lastKnownFileType = sourcecode.swift; path = AppDelegate.swift; sourceTree = "<group>"; };
		C8F1298427729F4100AAF65B /* Assets.xcassets */ = {isa = PBXFileReference; lastKnownFileType = folder.assetcatalog; path = Assets.xcassets; sourceTree = "<group>"; };
		C8F1298727729F4100AAF65B /* Base */ = {isa = PBXFileReference; lastKnownFileType = file.storyboard; name = Base; path = Base.lproj/LaunchScreen.storyboard; sourceTree = "<group>"; };
		C8F1298927729F4100AAF65B /* Info.plist */ = {isa = PBXFileReference; lastKnownFileType = text.plist.xml; path = Info.plist; sourceTree = "<group>"; };
		C8FB67762775363000B52159 /* Season.swift */ = {isa = PBXFileReference; lastKnownFileType = sourcecode.swift; path = Season.swift; sourceTree = "<group>"; };
		C8FB677827754BF400B52159 /* InitialCoordinator.swift */ = {isa = PBXFileReference; lastKnownFileType = sourcecode.swift; path = InitialCoordinator.swift; sourceTree = "<group>"; };
		C8FB677A27754F8D00B52159 /* SplashScreenViewController.swift */ = {isa = PBXFileReference; lastKnownFileType = sourcecode.swift; path = SplashScreenViewController.swift; sourceTree = "<group>"; };
/* End PBXFileReference section */

/* Begin PBXFrameworksBuildPhase section */
		C8F1297527729F3F00AAF65B /* Frameworks */ = {
			isa = PBXFrameworksBuildPhase;
			buildActionMask = 2147483647;
			files = (
				7D8F4853BCC36154AB0BA1B1 /* Pods_TVSeries.framework in Frameworks */,
			);
			runOnlyForDeploymentPostprocessing = 0;
		};
/* End PBXFrameworksBuildPhase section */

/* Begin PBXGroup section */
		1AF176EE64042EE7F77F73D4 /* Frameworks */ = {
			isa = PBXGroup;
			children = (
				4E75B0625D467BF277C96383 /* Pods_TVSeries.framework */,
			);
			name = Frameworks;
			sourceTree = "<group>";
		};
		8AC58886722207557B95DCFB /* Pods */ = {
			isa = PBXGroup;
			children = (
				0AD42E8C1D24083B9A4F29EB /* Pods-TVSeries.debug.xcconfig */,
				649CF8293F3230B30C0CC03D /* Pods-TVSeries.release.xcconfig */,
			);
			path = Pods;
			sourceTree = "<group>";
		};
		C81C5CE527755B3E007CABF1 /* DesignSystem */ = {
			isa = PBXGroup;
			children = (
				C890827E2772C3E80054D2EC /* ShadowView.swift */,
				C81C5CE327755B38007CABF1 /* RoundButton.swift */,
			);
			path = DesignSystem;
			sourceTree = "<group>";
		};
		C83EFBE92773FC6F007E9377 /* TVSeriesDetail */ = {
			isa = PBXGroup;
			children = (
				C83EFBE32773FC1B007E9377 /* TVSeriesDetailViewController.swift */,
				C83EFBE42773FC1B007E9377 /* TVSeriesDetailViewController.xib */,
				C83EFBE52773FC1B007E9377 /* TVSeriesDetailViewModel.swift */,
			);
			path = TVSeriesDetail;
			sourceTree = "<group>";
		};
		C83EFBF427741679007E9377 /* EpisodeDetail */ = {
			isa = PBXGroup;
			children = (
				C83EFBEE27741676007E9377 /* EpisodeDetailViewController.swift */,
				C83EFBEF27741676007E9377 /* EpisodeDetailViewController.xib */,
				C83EFBF027741676007E9377 /* EpisodeDetailViewModel.swift */,
			);
			path = EpisodeDetail;
			sourceTree = "<group>";
		};
		C890827B2772C3480054D2EC /* TVSeriesList */ = {
			isa = PBXGroup;
			children = (
				C89082772772C3450054D2EC /* TVSeriesViewController.swift */,
				C89082782772C3450054D2EC /* TVSeriesViewModel.swift */,
				C8D1D7882774C3D10015A67D /* Cells */,
			);
			path = TVSeriesList;
			sourceTree = "<group>";
		};
		C89082862772C42C0054D2EC /* Extensions */ = {
			isa = PBXGroup;
			children = (
				C89082882772C4810054D2EC /* UIColor.swift */,
				C89082822772C4160054D2EC /* UIView.swift */,
				C89082802772C4160054D2EC /* UIViewController.swift */,
				C83EFBEA27740B45007E9377 /* String.swift */,
			);
			path = Extensions;
			sourceTree = "<group>";
		};
		C89082872772C4330054D2EC /* Helper Classes */ = {
			isa = PBXGroup;
			children = (
				C83EFBEC27740FCC007E9377 /* IntrisicCollections.swift */,
				C89082812772C4160054D2EC /* Collections + ReusableView.swift */,
				C890828A2772C61A0054D2EC /* APIService.swift */,
				C89082902772D48C0054D2EC /* ImageManager.swift */,
			);
			path = "Helper Classes";
			sourceTree = "<group>";
		};
		C8D1D77F2774C36F0015A67D /* Models */ = {
			isa = PBXGroup;
			children = (
				C890827C2772C3550054D2EC /* TVSeries.swift */,
				C8D1D7802774C3880015A67D /* Schedule.swift */,
				C8D1D7822774C39B0015A67D /* ImageSize.swift */,
				C8D1D7842774C3AC0015A67D /* TVSeriesSearch.swift */,
				C8D1D7862774C3B90015A67D /* Episode.swift */,
				C8FB67762775363000B52159 /* Season.swift */,
			);
			path = Models;
			sourceTree = "<group>";
		};
		C8D1D7882774C3D10015A67D /* Cells */ = {
			isa = PBXGroup;
			children = (
				C890828C2772D2900054D2EC /* TVSeriesCollectionViewCell.swift */,
				C890828D2772D2900054D2EC /* TVSeriesCollectionViewCell.xib */,
				C83EFBE12773D522007E9377 /* IndicatorCell.swift */,
			);
			path = Cells;
			sourceTree = "<group>";
		};
		C8F1296F27729F3F00AAF65B = {
			isa = PBXGroup;
			children = (
				C8F1297A27729F3F00AAF65B /* TVSeries */,
				C8F1297927729F3F00AAF65B /* Products */,
				8AC58886722207557B95DCFB /* Pods */,
				1AF176EE64042EE7F77F73D4 /* Frameworks */,
			);
			sourceTree = "<group>";
		};
		C8F1297927729F3F00AAF65B /* Products */ = {
			isa = PBXGroup;
			children = (
				C8F1297827729F3F00AAF65B /* TVSeries.app */,
			);
			name = Products;
			sourceTree = "<group>";
		};
		C8F1297A27729F3F00AAF65B /* TVSeries */ = {
			isa = PBXGroup;
			children = (
				C8F1297B27729F4000AAF65B /* AppDelegate.swift */,
				C8F1298427729F4100AAF65B /* Assets.xcassets */,
				C8F1298627729F4100AAF65B /* LaunchScreen.storyboard */,
				C8F1298927729F4100AAF65B /* Info.plist */,
				C8FB677827754BF400B52159 /* InitialCoordinator.swift */,
				C8D1D77F2774C36F0015A67D /* Models */,
				C890827B2772C3480054D2EC /* TVSeriesList */,
				C83EFBE92773FC6F007E9377 /* TVSeriesDetail */,
				C83EFBF427741679007E9377 /* EpisodeDetail */,
				C89082872772C4330054D2EC /* Helper Classes */,
				C89082862772C42C0054D2EC /* Extensions */,
				C81C5CE527755B3E007CABF1 /* DesignSystem */,
				C8FB677C27754F9C00B52159 /* SplashScreen */,
			);
			path = TVSeries;
			sourceTree = "<group>";
		};
		C8FB677C27754F9C00B52159 /* SplashScreen */ = {
			isa = PBXGroup;
			children = (
				C8FB677A27754F8D00B52159 /* SplashScreenViewController.swift */,
			);
			path = SplashScreen;
			sourceTree = "<group>";
		};
/* End PBXGroup section */

/* Begin PBXNativeTarget section */
		C8F1297727729F3F00AAF65B /* TVSeries */ = {
			isa = PBXNativeTarget;
			buildConfigurationList = C8F1298C27729F4100AAF65B /* Build configuration list for PBXNativeTarget "TVSeries" */;
			buildPhases = (
				EA8B3CB01DFFE3BFC91EB6A8 /* [CP] Check Pods Manifest.lock */,
				C8F1297427729F3F00AAF65B /* Sources */,
				C8F1297527729F3F00AAF65B /* Frameworks */,
				C8F1297627729F3F00AAF65B /* Resources */,
				957B264CB8B8DF5D02900791 /* [CP] Embed Pods Frameworks */,
			);
			buildRules = (
			);
			dependencies = (
			);
			name = TVSeries;
			productName = TVSeries;
			productReference = C8F1297827729F3F00AAF65B /* TVSeries.app */;
			productType = "com.apple.product-type.application";
		};
/* End PBXNativeTarget section */

/* Begin PBXProject section */
		C8F1297027729F3F00AAF65B /* Project object */ = {
			isa = PBXProject;
			attributes = {
				BuildIndependentTargetsInParallel = 1;
				LastSwiftUpdateCheck = 1300;
				LastUpgradeCheck = 1300;
				TargetAttributes = {
					C8F1297727729F3F00AAF65B = {
						CreatedOnToolsVersion = 13.0;
					};
				};
			};
			buildConfigurationList = C8F1297327729F3F00AAF65B /* Build configuration list for PBXProject "TVSeries" */;
			compatibilityVersion = "Xcode 12.0";
			developmentRegion = en;
			hasScannedForEncodings = 0;
			knownRegions = (
				en,
				Base,
			);
			mainGroup = C8F1296F27729F3F00AAF65B;
			productRefGroup = C8F1297927729F3F00AAF65B /* Products */;
			projectDirPath = "";
			projectRoot = "";
			targets = (
				C8F1297727729F3F00AAF65B /* TVSeries */,
			);
		};
/* End PBXProject section */

/* Begin PBXResourcesBuildPhase section */
		C8F1297627729F3F00AAF65B /* Resources */ = {
			isa = PBXResourcesBuildPhase;
			buildActionMask = 2147483647;
			files = (
				C83EFBE72773FC1B007E9377 /* TVSeriesDetailViewController.xib in Resources */,
				C890828F2772D2900054D2EC /* TVSeriesCollectionViewCell.xib in Resources */,
				C8F1298827729F4100AAF65B /* LaunchScreen.storyboard in Resources */,
				C8F1298527729F4100AAF65B /* Assets.xcassets in Resources */,
				C83EFBF227741676007E9377 /* EpisodeDetailViewController.xib in Resources */,
			);
			runOnlyForDeploymentPostprocessing = 0;
		};
/* End PBXResourcesBuildPhase section */

/* Begin PBXShellScriptBuildPhase section */
		957B264CB8B8DF5D02900791 /* [CP] Embed Pods Frameworks */ = {
			isa = PBXShellScriptBuildPhase;
			buildActionMask = 2147483647;
			files = (
			);
			inputFileListPaths = (
				"${PODS_ROOT}/Target Support Files/Pods-TVSeries/Pods-TVSeries-frameworks-${CONFIGURATION}-input-files.xcfilelist",
			);
			name = "[CP] Embed Pods Frameworks";
			outputFileListPaths = (
				"${PODS_ROOT}/Target Support Files/Pods-TVSeries/Pods-TVSeries-frameworks-${CONFIGURATION}-output-files.xcfilelist",
			);
			runOnlyForDeploymentPostprocessing = 0;
			shellPath = /bin/sh;
			shellScript = "\"${PODS_ROOT}/Target Support Files/Pods-TVSeries/Pods-TVSeries-frameworks.sh\"\n";
			showEnvVarsInLog = 0;
		};
		EA8B3CB01DFFE3BFC91EB6A8 /* [CP] Check Pods Manifest.lock */ = {
			isa = PBXShellScriptBuildPhase;
			buildActionMask = 2147483647;
			files = (
			);
			inputFileListPaths = (
			);
			inputPaths = (
				"${PODS_PODFILE_DIR_PATH}/Podfile.lock",
				"${PODS_ROOT}/Manifest.lock",
			);
			name = "[CP] Check Pods Manifest.lock";
			outputFileListPaths = (
			);
			outputPaths = (
				"$(DERIVED_FILE_DIR)/Pods-TVSeries-checkManifestLockResult.txt",
			);
			runOnlyForDeploymentPostprocessing = 0;
			shellPath = /bin/sh;
			shellScript = "diff \"${PODS_PODFILE_DIR_PATH}/Podfile.lock\" \"${PODS_ROOT}/Manifest.lock\" > /dev/null\nif [ $? != 0 ] ; then\n    # print error to STDERR\n    echo \"error: The sandbox is not in sync with the Podfile.lock. Run 'pod install' or update your CocoaPods installation.\" >&2\n    exit 1\nfi\n# This output is used by Xcode 'outputs' to avoid re-running this script phase.\necho \"SUCCESS\" > \"${SCRIPT_OUTPUT_FILE_0}\"\n";
			showEnvVarsInLog = 0;
		};
/* End PBXShellScriptBuildPhase section */

/* Begin PBXSourcesBuildPhase section */
		C8F1297427729F3F00AAF65B /* Sources */ = {
			isa = PBXSourcesBuildPhase;
			buildActionMask = 2147483647;
			files = (
				C81C5CE427755B38007CABF1 /* RoundButton.swift in Sources */,
				C83EFBE82773FC1B007E9377 /* TVSeriesDetailViewModel.swift in Sources */,
				C89082852772C4160054D2EC /* UIView.swift in Sources */,
				C8F1297C27729F4000AAF65B /* AppDelegate.swift in Sources */,
				C83EFBED27740FCC007E9377 /* IntrisicCollections.swift in Sources */,
				C890828E2772D2900054D2EC /* TVSeriesCollectionViewCell.swift in Sources */,
				C89082912772D48C0054D2EC /* ImageManager.swift in Sources */,
				C83EFBE62773FC1B007E9377 /* TVSeriesDetailViewController.swift in Sources */,
				C890827A2772C3450054D2EC /* TVSeriesViewModel.swift in Sources */,
				C89082832772C4160054D2EC /* UIViewController.swift in Sources */,
				C89082892772C4810054D2EC /* UIColor.swift in Sources */,
				C83EFBE22773D522007E9377 /* IndicatorCell.swift in Sources */,
				C890827D2772C3550054D2EC /* TVSeries.swift in Sources */,
				C89082792772C3450054D2EC /* TVSeriesViewController.swift in Sources */,
				C83EFBF127741676007E9377 /* EpisodeDetailViewController.swift in Sources */,
				C8D1D7872774C3B90015A67D /* Episode.swift in Sources */,
				C890828B2772C61A0054D2EC /* APIService.swift in Sources */,
				C8FB67772775363000B52159 /* Season.swift in Sources */,
				C890827F2772C3E80054D2EC /* ShadowView.swift in Sources */,
				C8FB677927754BF400B52159 /* InitialCoordinator.swift in Sources */,
				C83EFBEB27740B45007E9377 /* String.swift in Sources */,
				C8FB677B27754F8D00B52159 /* SplashScreenViewController.swift in Sources */,
				C83EFBF327741676007E9377 /* EpisodeDetailViewModel.swift in Sources */,
				C8D1D7852774C3AC0015A67D /* TVSeriesSearch.swift in Sources */,
				C8D1D7812774C3880015A67D /* Schedule.swift in Sources */,
				C8D1D7832774C39B0015A67D /* ImageSize.swift in Sources */,
				C89082842772C4160054D2EC /* Collections + ReusableView.swift in Sources */,
			);
			runOnlyForDeploymentPostprocessing = 0;
		};
/* End PBXSourcesBuildPhase section */

/* Begin PBXVariantGroup section */
		C8F1298627729F4100AAF65B /* LaunchScreen.storyboard */ = {
			isa = PBXVariantGroup;
			children = (
				C8F1298727729F4100AAF65B /* Base */,
			);
			name = LaunchScreen.storyboard;
			sourceTree = "<group>";
		};
/* End PBXVariantGroup section */

/* Begin XCBuildConfiguration section */
		C8F1298A27729F4100AAF65B /* Debug */ = {
			isa = XCBuildConfiguration;
			buildSettings = {
				ALWAYS_SEARCH_USER_PATHS = NO;
				CLANG_ANALYZER_NONNULL = YES;
				CLANG_ANALYZER_NUMBER_OBJECT_CONVERSION = YES_AGGRESSIVE;
				CLANG_CXX_LANGUAGE_STANDARD = "gnu++17";
				CLANG_CXX_LIBRARY = "libc++";
				CLANG_ENABLE_MODULES = YES;
				CLANG_ENABLE_OBJC_ARC = YES;
				CLANG_ENABLE_OBJC_WEAK = YES;
				CLANG_WARN_BLOCK_CAPTURE_AUTORELEASING = YES;
				CLANG_WARN_BOOL_CONVERSION = YES;
				CLANG_WARN_COMMA = YES;
				CLANG_WARN_CONSTANT_CONVERSION = YES;
				CLANG_WARN_DEPRECATED_OBJC_IMPLEMENTATIONS = YES;
				CLANG_WARN_DIRECT_OBJC_ISA_USAGE = YES_ERROR;
				CLANG_WARN_DOCUMENTATION_COMMENTS = YES;
				CLANG_WARN_EMPTY_BODY = YES;
				CLANG_WARN_ENUM_CONVERSION = YES;
				CLANG_WARN_INFINITE_RECURSION = YES;
				CLANG_WARN_INT_CONVERSION = YES;
				CLANG_WARN_NON_LITERAL_NULL_CONVERSION = YES;
				CLANG_WARN_OBJC_IMPLICIT_RETAIN_SELF = YES;
				CLANG_WARN_OBJC_LITERAL_CONVERSION = YES;
				CLANG_WARN_OBJC_ROOT_CLASS = YES_ERROR;
				CLANG_WARN_QUOTED_INCLUDE_IN_FRAMEWORK_HEADER = YES;
				CLANG_WARN_RANGE_LOOP_ANALYSIS = YES;
				CLANG_WARN_STRICT_PROTOTYPES = YES;
				CLANG_WARN_SUSPICIOUS_MOVE = YES;
				CLANG_WARN_UNGUARDED_AVAILABILITY = YES_AGGRESSIVE;
				CLANG_WARN_UNREACHABLE_CODE = YES;
				CLANG_WARN__DUPLICATE_METHOD_MATCH = YES;
				COPY_PHASE_STRIP = NO;
				DEBUG_INFORMATION_FORMAT = dwarf;
				ENABLE_STRICT_OBJC_MSGSEND = YES;
				ENABLE_TESTABILITY = YES;
				GCC_C_LANGUAGE_STANDARD = gnu11;
				GCC_DYNAMIC_NO_PIC = NO;
				GCC_NO_COMMON_BLOCKS = YES;
				GCC_OPTIMIZATION_LEVEL = 0;
				GCC_PREPROCESSOR_DEFINITIONS = (
					"DEBUG=1",
					"$(inherited)",
				);
				GCC_WARN_64_TO_32_BIT_CONVERSION = YES;
				GCC_WARN_ABOUT_RETURN_TYPE = YES_ERROR;
				GCC_WARN_UNDECLARED_SELECTOR = YES;
				GCC_WARN_UNINITIALIZED_AUTOS = YES_AGGRESSIVE;
				GCC_WARN_UNUSED_FUNCTION = YES;
				GCC_WARN_UNUSED_VARIABLE = YES;
				IPHONEOS_DEPLOYMENT_TARGET = 13.0;
				MTL_ENABLE_DEBUG_INFO = INCLUDE_SOURCE;
				MTL_FAST_MATH = YES;
				ONLY_ACTIVE_ARCH = YES;
				SDKROOT = iphoneos;
				SWIFT_ACTIVE_COMPILATION_CONDITIONS = DEBUG;
				SWIFT_OPTIMIZATION_LEVEL = "-Onone";
			};
			name = Debug;
		};
		C8F1298B27729F4100AAF65B /* Release */ = {
			isa = XCBuildConfiguration;
			buildSettings = {
				ALWAYS_SEARCH_USER_PATHS = NO;
				CLANG_ANALYZER_NONNULL = YES;
				CLANG_ANALYZER_NUMBER_OBJECT_CONVERSION = YES_AGGRESSIVE;
				CLANG_CXX_LANGUAGE_STANDARD = "gnu++17";
				CLANG_CXX_LIBRARY = "libc++";
				CLANG_ENABLE_MODULES = YES;
				CLANG_ENABLE_OBJC_ARC = YES;
				CLANG_ENABLE_OBJC_WEAK = YES;
				CLANG_WARN_BLOCK_CAPTURE_AUTORELEASING = YES;
				CLANG_WARN_BOOL_CONVERSION = YES;
				CLANG_WARN_COMMA = YES;
				CLANG_WARN_CONSTANT_CONVERSION = YES;
				CLANG_WARN_DEPRECATED_OBJC_IMPLEMENTATIONS = YES;
				CLANG_WARN_DIRECT_OBJC_ISA_USAGE = YES_ERROR;
				CLANG_WARN_DOCUMENTATION_COMMENTS = YES;
				CLANG_WARN_EMPTY_BODY = YES;
				CLANG_WARN_ENUM_CONVERSION = YES;
				CLANG_WARN_INFINITE_RECURSION = YES;
				CLANG_WARN_INT_CONVERSION = YES;
				CLANG_WARN_NON_LITERAL_NULL_CONVERSION = YES;
				CLANG_WARN_OBJC_IMPLICIT_RETAIN_SELF = YES;
				CLANG_WARN_OBJC_LITERAL_CONVERSION = YES;
				CLANG_WARN_OBJC_ROOT_CLASS = YES_ERROR;
				CLANG_WARN_QUOTED_INCLUDE_IN_FRAMEWORK_HEADER = YES;
				CLANG_WARN_RANGE_LOOP_ANALYSIS = YES;
				CLANG_WARN_STRICT_PROTOTYPES = YES;
				CLANG_WARN_SUSPICIOUS_MOVE = YES;
				CLANG_WARN_UNGUARDED_AVAILABILITY = YES_AGGRESSIVE;
				CLANG_WARN_UNREACHABLE_CODE = YES;
				CLANG_WARN__DUPLICATE_METHOD_MATCH = YES;
				COPY_PHASE_STRIP = NO;
				DEBUG_INFORMATION_FORMAT = "dwarf-with-dsym";
				ENABLE_NS_ASSERTIONS = NO;
				ENABLE_STRICT_OBJC_MSGSEND = YES;
				GCC_C_LANGUAGE_STANDARD = gnu11;
				GCC_NO_COMMON_BLOCKS = YES;
				GCC_WARN_64_TO_32_BIT_CONVERSION = YES;
				GCC_WARN_ABOUT_RETURN_TYPE = YES_ERROR;
				GCC_WARN_UNDECLARED_SELECTOR = YES;
				GCC_WARN_UNINITIALIZED_AUTOS = YES_AGGRESSIVE;
				GCC_WARN_UNUSED_FUNCTION = YES;
				GCC_WARN_UNUSED_VARIABLE = YES;
				IPHONEOS_DEPLOYMENT_TARGET = 13.0;
				MTL_ENABLE_DEBUG_INFO = NO;
				MTL_FAST_MATH = YES;
				SDKROOT = iphoneos;
				SWIFT_COMPILATION_MODE = wholemodule;
				SWIFT_OPTIMIZATION_LEVEL = "-O";
				VALIDATE_PRODUCT = YES;
			};
			name = Release;
		};
		C8F1298D27729F4100AAF65B /* Debug */ = {
			isa = XCBuildConfiguration;
			baseConfigurationReference = 0AD42E8C1D24083B9A4F29EB /* Pods-TVSeries.debug.xcconfig */;
			buildSettings = {
				ASSETCATALOG_COMPILER_APPICON_NAME = AppIcon;
				ASSETCATALOG_COMPILER_GLOBAL_ACCENT_COLOR_NAME = AccentColor;
				CODE_SIGN_STYLE = Automatic;
				CURRENT_PROJECT_VERSION = 1;
				GENERATE_INFOPLIST_FILE = YES;
				INFOPLIST_FILE = TVSeries/Info.plist;
				INFOPLIST_KEY_NSFaceIDUsageDescription = "Please allow to continue with biometric authentication";
				INFOPLIST_KEY_UIApplicationSupportsIndirectInputEvents = YES;
				INFOPLIST_KEY_UILaunchStoryboardName = LaunchScreen;
				INFOPLIST_KEY_UISupportedInterfaceOrientations = UIInterfaceOrientationPortrait;
				INFOPLIST_KEY_UISupportedInterfaceOrientations_iPad = "UIInterfaceOrientationPortrait UIInterfaceOrientationPortraitUpsideDown UIInterfaceOrientationLandscapeLeft UIInterfaceOrientationLandscapeRight";
				INFOPLIST_KEY_UISupportedInterfaceOrientations_iPhone = "UIInterfaceOrientationPortrait UIInterfaceOrientationLandscapeLeft UIInterfaceOrientationLandscapeRight";
				INFOPLIST_KEY_UIUserInterfaceStyle = Light;
				IPHONEOS_DEPLOYMENT_TARGET = 13.0;
				LD_RUNPATH_SEARCH_PATHS = (
					"$(inherited)",
					"@executable_path/Frameworks",
				);
				MARKETING_VERSION = 1.0;
				PRODUCT_BUNDLE_IDENTIFIER = com.scheltzke.TVSeries;
				PRODUCT_NAME = "$(TARGET_NAME)";
				SWIFT_EMIT_LOC_STRINGS = YES;
				SWIFT_VERSION = 5.0;
				TARGETED_DEVICE_FAMILY = 1;
			};
			name = Debug;
		};
		C8F1298E27729F4100AAF65B /* Release */ = {
			isa = XCBuildConfiguration;
			baseConfigurationReference = 649CF8293F3230B30C0CC03D /* Pods-TVSeries.release.xcconfig */;
			buildSettings = {
				ASSETCATALOG_COMPILER_APPICON_NAME = AppIcon;
				ASSETCATALOG_COMPILER_GLOBAL_ACCENT_COLOR_NAME = AccentColor;
				CODE_SIGN_STYLE = Automatic;
				CURRENT_PROJECT_VERSION = 1;
				GENERATE_INFOPLIST_FILE = YES;
				INFOPLIST_FILE = TVSeries/Info.plist;
				INFOPLIST_KEY_NSFaceIDUsageDescription = "Please allow to continue with biometric authentication";
				INFOPLIST_KEY_UIApplicationSupportsIndirectInputEvents = YES;
				INFOPLIST_KEY_UILaunchStoryboardName = LaunchScreen;
				INFOPLIST_KEY_UISupportedInterfaceOrientations = UIInterfaceOrientationPortrait;
				INFOPLIST_KEY_UISupportedInterfaceOrientations_iPad = "UIInterfaceOrientationPortrait UIInterfaceOrientationPortraitUpsideDown UIInterfaceOrientationLandscapeLeft UIInterfaceOrientationLandscapeRight";
				INFOPLIST_KEY_UISupportedInterfaceOrientations_iPhone = "UIInterfaceOrientationPortrait UIInterfaceOrientationLandscapeLeft UIInterfaceOrientationLandscapeRight";
				INFOPLIST_KEY_UIUserInterfaceStyle = Light;
				IPHONEOS_DEPLOYMENT_TARGET = 13.0;
				LD_RUNPATH_SEARCH_PATHS = (
					"$(inherited)",
					"@executable_path/Frameworks",
				);
				MARKETING_VERSION = 1.0;
				PRODUCT_BUNDLE_IDENTIFIER = com.scheltzke.TVSeries;
				PRODUCT_NAME = "$(TARGET_NAME)";
				SWIFT_EMIT_LOC_STRINGS = YES;
				SWIFT_VERSION = 5.0;
				TARGETED_DEVICE_FAMILY = 1;
			};
			name = Release;
		};
/* End XCBuildConfiguration section */

/* Begin XCConfigurationList section */
		C8F1297327729F3F00AAF65B /* Build configuration list for PBXProject "TVSeries" */ = {
			isa = XCConfigurationList;
			buildConfigurations = (
				C8F1298A27729F4100AAF65B /* Debug */,
				C8F1298B27729F4100AAF65B /* Release */,
			);
			defaultConfigurationIsVisible = 0;
			defaultConfigurationName = Release;
		};
		C8F1298C27729F4100AAF65B /* Build configuration list for PBXNativeTarget "TVSeries" */ = {
			isa = XCConfigurationList;
			buildConfigurations = (
				C8F1298D27729F4100AAF65B /* Debug */,
				C8F1298E27729F4100AAF65B /* Release */,
			);
			defaultConfigurationIsVisible = 0;
			defaultConfigurationName = Release;
		};
/* End XCConfigurationList section */
	};
	rootObject = C8F1297027729F3F00AAF65B /* Project object */;
}
